
Microsoft Visual Studio Solution File, Format Version 12.00
# Visual Studio Version 17
VisualStudioVersion = 17.0.31912.275
MinimumVisualStudioVersion = 10.0.40219.1
Project("{9A19103F-16F7-4668-BE54-9A1E7A4F7556}") = "S04-E01", "S04-E01\S04-E01.csproj", "{79C82374-69C4-42BA-980E-CB72E9B43756}"
EndProject
Project("{2150E333-8FDC-42A3-9474-1A3956D46DE8}") = "Solution Items", "Solution Items", "{AAD95F80-0EAB-46BE-A707-22A03CEC5F7B}"
	ProjectSection(SolutionItems) = preProject
		.editorconfig = .editorconfig
	EndProjectSection
EndProject
Project("{9A19103F-16F7-4668-BE54-9A1E7A4F7556}") = "S04-E02", "S04-E02\S04-E02.csproj", "{921479AC-D1ED-4C71-96A6-FC7F7CA1BBCD}"
EndProject
Project("{9A19103F-16F7-4668-BE54-9A1E7A4F7556}") = "S04-E03-1", "S04-E03-1\S04-E03-1.csproj", "{DE8566FA-4B77-4A21-B05F-BB1A7CC765CE}"
EndProject
Project("{9A19103F-16F7-4668-BE54-9A1E7A4F7556}") = "S04-E03-2", "S04-E03-2\S04-E03-2.csproj", "{058A312C-FA63-42D8-A033-0FD1A8B6D0CE}"
EndProject
Project("{9A19103F-16F7-4668-BE54-9A1E7A4F7556}") = "S04-E03-3", "S04-E03-3\S04-E03-3.csproj", "{8BAABEB8-34B0-4D14-A175-688A47F0D32B}"
EndProject
Project("{9A19103F-16F7-4668-BE54-9A1E7A4F7556}") = "S04-E04", "S04-E04\S04-E04.csproj", "{19181874-C94D-4457-953C-6A5D1D248E08}"
EndProject
Project("{9A19103F-16F7-4668-BE54-9A1E7A4F7556}") = "S05-E01", "S05-E01\S05-E01.csproj", "{61A08A51-9606-4864-B396-E883E715737D}"
EndProject
Project("{FAE04EC0-301F-11D3-BF4B-00C04F79EFBC}") = "S06-E01", "S06-E01\S06-E01.csproj", "{170BBC16-D147-4E39-83B8-CFA93445D1F8}"
EndProject
Global
	GlobalSection(SolutionConfigurationPlatforms) = preSolution
		Debug|Any CPU = Debug|Any CPU
		Release|Any CPU = Release|Any CPU
	EndGlobalSection
	GlobalSection(ProjectConfigurationPlatforms) = postSolution
		{79C82374-69C4-42BA-980E-CB72E9B43756}.Debug|Any CPU.ActiveCfg = Debug|Any CPU
		{79C82374-69C4-42BA-980E-CB72E9B43756}.Debug|Any CPU.Build.0 = Debug|Any CPU
		{79C82374-69C4-42BA-980E-CB72E9B43756}.Release|Any CPU.ActiveCfg = Release|Any CPU
		{79C82374-69C4-42BA-980E-CB72E9B43756}.Release|Any CPU.Build.0 = Release|Any CPU
		{921479AC-D1ED-4C71-96A6-FC7F7CA1BBCD}.Debug|Any CPU.ActiveCfg = Debug|Any CPU
		{921479AC-D1ED-4C71-96A6-FC7F7CA1BBCD}.Debug|Any CPU.Build.0 = Debug|Any CPU
		{921479AC-D1ED-4C71-96A6-FC7F7CA1BBCD}.Release|Any CPU.ActiveCfg = Release|Any CPU
		{921479AC-D1ED-4C71-96A6-FC7F7CA1BBCD}.Release|Any CPU.Build.0 = Release|Any CPU
		{DE8566FA-4B77-4A21-B05F-BB1A7CC765CE}.Debug|Any CPU.ActiveCfg = Debug|Any CPU
		{DE8566FA-4B77-4A21-B05F-BB1A7CC765CE}.Debug|Any CPU.Build.0 = Debug|Any CPU
		{DE8566FA-4B77-4A21-B05F-BB1A7CC765CE}.Release|Any CPU.ActiveCfg = Release|Any CPU
		{DE8566FA-4B77-4A21-B05F-BB1A7CC765CE}.Release|Any CPU.Build.0 = Release|Any CPU
		{058A312C-FA63-42D8-A033-0FD1A8B6D0CE}.Debug|Any CPU.ActiveCfg = Debug|Any CPU
		{058A312C-FA63-42D8-A033-0FD1A8B6D0CE}.Debug|Any CPU.Build.0 = Debug|Any CPU
		{058A312C-FA63-42D8-A033-0FD1A8B6D0CE}.Release|Any CPU.ActiveCfg = Release|Any CPU
		{058A312C-FA63-42D8-A033-0FD1A8B6D0CE}.Release|Any CPU.Build.0 = Release|Any CPU
		{8BAABEB8-34B0-4D14-A175-688A47F0D32B}.Debug|Any CPU.ActiveCfg = Debug|Any CPU
		{8BAABEB8-34B0-4D14-A175-688A47F0D32B}.Debug|Any CPU.Build.0 = Debug|Any CPU
		{8BAABEB8-34B0-4D14-A175-688A47F0D32B}.Release|Any CPU.ActiveCfg = Release|Any CPU
		{8BAABEB8-34B0-4D14-A175-688A47F0D32B}.Release|Any CPU.Build.0 = Release|Any CPU
		{19181874-C94D-4457-953C-6A5D1D248E08}.Debug|Any CPU.ActiveCfg = Debug|Any CPU
		{19181874-C94D-4457-953C-6A5D1D248E08}.Debug|Any CPU.Build.0 = Debug|Any CPU
		{19181874-C94D-4457-953C-6A5D1D248E08}.Release|Any CPU.ActiveCfg = Release|Any CPU
		{19181874-C94D-4457-953C-6A5D1D248E08}.Release|Any CPU.Build.0 = Release|Any CPU
		{61A08A51-9606-4864-B396-E883E715737D}.Debug|Any CPU.ActiveCfg = Debug|Any CPU
		{61A08A51-9606-4864-B396-E883E715737D}.Debug|Any CPU.Build.0 = Debug|Any CPU
		{61A08A51-9606-4864-B396-E883E715737D}.Release|Any CPU.ActiveCfg = Release|Any CPU
		{61A08A51-9606-4864-B396-E883E715737D}.Release|Any CPU.Build.0 = Release|Any CPU
		{170BBC16-D147-4E39-83B8-CFA93445D1F8}.Debug|Any CPU.ActiveCfg = Debug|Any CPU
		{170BBC16-D147-4E39-83B8-CFA93445D1F8}.Debug|Any CPU.Build.0 = Debug|Any CPU
		{170BBC16-D147-4E39-83B8-CFA93445D1F8}.Release|Any CPU.ActiveCfg = Release|Any CPU
		{170BBC16-D147-4E39-83B8-CFA93445D1F8}.Release|Any CPU.Build.0 = Release|Any CPU
	EndGlobalSection
	GlobalSection(SolutionProperties) = preSolution
		HideSolutionNode = FALSE
	EndGlobalSection
	GlobalSection(ExtensibilityGlobals) = postSolution
		SolutionGuid = {3C6C88C8-9772-4595-A380-47E78AA7F685}
	EndGlobalSection
EndGlobal
